name: Repair package lock

on:
  push:
    branches:
      - feature/job-application-agent-v1
    paths:
      - package.json
      - .github/workflows/repair-package-lock.yml

permissions:
  contents: read

jobs:
  generate:
    runs-on: ubuntu-24.04
    steps:
      - uses: actions/checkout@v4
      - uses: actions/setup-node@v4
        with:
          node-version: 24
          cache: npm
      - run: npm install --package-lock-only --ignore-scripts --no-audit --no-fund
      - uses: actions/upload-artifact@v4
        with:
          name: repaired-package-lock
          path: package-lock.json
          if-no-files-found: error
